// !$*UTF8*$!
{
	archiveVersion = 1;
	classes = {
	};
	objectVersion = 56;
	objects = {

/* Begin PBXBuildFile section */
		D2EB6D092B9F6D8B000444CF /* AppDelegate.swift in Sources */ = {isa = PBXBuildFile; fileRef = D2EB6D082B9F6D8B000444CF /* AppDelegate.swift */; };
		D2EB6D0B2B9F6D8B000444CF /* SceneDelegate.swift in Sources */ = {isa = PBXBuildFile; fileRef = D2EB6D0A2B9F6D8B000444CF /* SceneDelegate.swift */; };
		D2EB6D0D2B9F6D8B000444CF /* ViewController.swift in Sources */ = {isa = PBXBuildFile; fileRef = D2EB6D0C2B9F6D8B000444CF /* ViewController.swift */; };
		D2EB6D102B9F6D8B000444CF /* Main.storyboard in Resources */ = {isa = PBXBuildFile; fileRef = D2EB6D0E2B9F6D8B000444CF /* Main.storyboard */; };
		D2EB6D122B9F6D93000444CF /* Assets.xcassets in Resources */ = {isa = PBXBuildFile; fileRef = D2EB6D112B9F6D93000444CF /* Assets.xcassets */; };
		D2EB6D152B9F6D93000444CF /* LaunchScreen.storyboard in Resources */ = {isa = PBXBuildFile; fileRef = D2EB6D132B9F6D93000444CF /* LaunchScreen.storyboard */; };
		D2EB6D202B9F6D93000444CF /* ObserverTests.swift in Sources */ = {isa = PBXBuildFile; fileRef = D2EB6D1F2B9F6D93000444CF /* ObserverTests.swift */; };
		D2EB6D2A2B9F6D93000444CF /* ObserverUITests.swift in Sources */ = {isa = PBXBuildFile; fileRef = D2EB6D292B9F6D93000444CF /* ObserverUITests.swift */; };
		D2EB6D2C2B9F6D93000444CF /* ObserverUITestsLaunchTests.swift in Sources */ = {isa = PBXBuildFile; fileRef = D2EB6D2B2B9F6D93000444CF /* ObserverUITestsLaunchTests.swift */; };
/* End PBXBuildFile section */

/* Begin PBXContainerItemProxy section */
		D2EB6D1C2B9F6D93000444CF /* PBXContainerItemProxy */ = {
			isa = PBXContainerItemProxy;
			containerPortal = D2EB6CFD2B9F6D8A000444CF /* Project object */;
			proxyType = 1;
			remoteGlobalIDString = D2EB6D042B9F6D8B000444CF;
			remoteInfo = Observer;
		};
		D2EB6D262B9F6D93000444CF /* PBXContainerItemProxy */ = {
			isa = PBXContainerItemProxy;
			containerPortal = D2EB6CFD2B9F6D8A000444CF /* Project object */;
			proxyType = 1;
			remoteGlobalIDString = D2EB6D042B9F6D8B000444CF;
			remoteInfo = Observer;
		};
/* End PBXContainerItemProxy section */

/* Begin PBXFileReference section */
		D2EB6D052B9F6D8B000444CF /* Observer.app */ = {isa = PBXFileReference; explicitFileType = wrapper.application; includeInIndex = 0; path = Observer.app; sourceTree = BUILT_PRODUCTS_DIR; };
		D2EB6D082B9F6D8B000444CF /* AppDelegate.swift */ = {isa = PBXFileReference; lastKnownFileType = sourcecode.swift; path = AppDelegate.swift; sourceTree = "<group>"; };
		D2EB6D0A2B9F6D8B000444CF /* SceneDelegate.swift */ = {isa = PBXFileReference; lastKnownFileType = sourcecode.swift; path = SceneDelegate.swift; sourceTree = "<group>"; };
		D2EB6D0C2B9F6D8B000444CF /* ViewController.swift */ = {isa = PBXFileReference; lastKnownFileType = sourcecode.swift; path = ViewController.swift; sourceTree = "<group>"; };
		D2EB6D0F2B9F6D8B000444CF /* Base */ = {isa = PBXFileReference; lastKnownFileType = file.storyboard; name = Base; path = Base.lproj/Main.storyboard; sourceTree = "<group>"; };
		D2EB6D112B9F6D93000444CF /* Assets.xcassets */ = {isa = PBXFileReference; lastKnownFileType = folder.assetcatalog; path = Assets.xcassets; sourceTree = "<group>"; };
		D2EB6D142B9F6D93000444CF /* Base */ = {isa = PBXFileReference; lastKnownFileType = file.storyboard; name = Base; path = Base.lproj/LaunchScreen.storyboard; sourceTree = "<group>"; };
		D2EB6D162B9F6D93000444CF /* Info.plist */ = {isa = PBXFileReference; lastKnownFileType = text.plist.xml; path = Info.plist; sourceTree = "<group>"; };
		D2EB6D1B2B9F6D93000444CF /* ObserverTests.xctest */ = {isa = PBXFileReference; explicitFileType = wrapper.cfbundle; includeInIndex = 0; path = ObserverTests.xctest; sourceTree = BUILT_PRODUCTS_DIR; };
		D2EB6D1F2B9F6D93000444CF /* ObserverTests.swift */ = {isa = PBXFileReference; lastKnownFileType = sourcecode.swift; path = ObserverTests.swift; sourceTree = "<group>"; };
		D2EB6D252B9F6D93000444CF /* ObserverUITests.xctest */ = {isa = PBXFileReference; explicitFileType = wrapper.cfbundle; includeInIndex = 0; path = ObserverUITests.xctest; sourceTree = BUILT_PRODUCTS_DIR; };
		D2EB6D292B9F6D93000444CF /* ObserverUITests.swift */ = {isa = PBXFileReference; lastKnownFileType = sourcecode.swift; path = ObserverUITests.swift; sourceTree = "<group>"; };
		D2EB6D2B2B9F6D93000444CF /* ObserverUITestsLaunchTests.swift */ = {isa = PBXFileReference; lastKnownFileType = sourcecode.swift; path = ObserverUITestsLaunchTests.swift; sourceTree = "<group>"; };
/* End PBXFileReference section */

/* Begin PBXFrameworksBuildPhase section */
		D2EB6D022B9F6D8B000444CF /* Frameworks */ = {
			isa = PBXFrameworksBuildPhase;
			buildActionMask = 2147483647;
			files = (
			);
			runOnlyForDeploymentPostprocessing = 0;
		};
		D2EB6D182B9F6D93000444CF /* Frameworks */ = {
			isa = PBXFrameworksBuildPhase;
			buildActionMask = 2147483647;
			files = (
			);
			runOnlyForDeploymentPostprocessing = 0;
		};
		D2EB6D222B9F6D93000444CF /* Frameworks */ = {
			isa = PBXFrameworksBuildPhase;
			buildActionMask = 2147483647;
			files = (
			);
			runOnlyForDeploymentPostprocessing = 0;
		};
/* End PBXFrameworksBuildPhase section */

/* Begin PBXGroup section */
		D2EB6CFC2B9F6D8A000444CF = {
			isa = PBXGroup;
			children = (
				D2EB6D072B9F6D8B000444CF /* Observer */,
				D2EB6D1E2B9F6D93000444CF /* ObserverTests */,
				D2EB6D282B9F6D93000444CF /* ObserverUITests */,
				D2EB6D062B9F6D8B000444CF /* Products */,
			);
			sourceTree = "<group>";
		};
		D2EB6D062B9F6D8B000444CF /* Products */ = {
			isa = PBXGroup;
			children = (
				D2EB6D052B9F6D8B000444CF /* Observer.app */,
				D2EB6D1B2B9F6D93000444CF /* ObserverTests.xctest */,
				D2EB6D252B9F6D93000444CF /* ObserverUITests.xctest */,
			);
			name = Products;
			sourceTree = "<group>";
		};
		D2EB6D072B9F6D8B000444CF /* Observer */ = {
			isa = PBXGroup;
			children = (
				D2EB6D082B9F6D8B000444CF /* AppDelegate.swift */,
				D2EB6D0A2B9F6D8B000444CF /* SceneDelegate.swift */,
				D2EB6D0C2B9F6D8B000444CF /* ViewController.swift */,
				D2EB6D0E2B9F6D8B000444CF /* Main.storyboard */,
				D2EB6D112B9F6D93000444CF /* Assets.xcassets */,
				D2EB6D132B9F6D93000444CF /* LaunchScreen.storyboard */,
				D2EB6D162B9F6D93000444CF /* Info.plist */,
			);
			path = Observer;
			sourceTree = "<group>";
		};
		D2EB6D1E2B9F6D93000444CF /* ObserverTests */ = {
			isa = PBXGroup;
			children = (
				D2EB6D1F2B9F6D93000444CF /* ObserverTests.swift */,
			);
			path = ObserverTests;
			sourceTree = "<group>";
		};
		D2EB6D282B9F6D93000444CF /* ObserverUITests */ = {
			isa = PBXGroup;
			children = (
				D2EB6D292B9F6D93000444CF /* ObserverUITests.swift */,
				D2EB6D2B2B9F6D93000444CF /* ObserverUITestsLaunchTests.swift */,
			);
			path = ObserverUITests;
			sourceTree = "<group>";
		};
/* End PBXGroup section */

/* Begin PBXNativeTarget section */
		D2EB6D042B9F6D8B000444CF /* Observer */ = {
			isa = PBXNativeTarget;
			buildConfigurationList = D2EB6D2F2B9F6D93000444CF /* Build configuration list for PBXNativeTarget "Observer" */;
			buildPhases = (
				D2EB6D012B9F6D8B000444CF /* Sources */,
				D2EB6D022B9F6D8B000444CF /* Frameworks */,
				D2EB6D032B9F6D8B000444CF /* Resources */,
			);
			buildRules = (
			);
			dependencies = (
			);
			name = Observer;
			productName = Observer;
			productReference = D2EB6D052B9F6D8B000444CF /* Observer.app */;
			productType = "com.apple.product-type.application";
		};
		D2EB6D1A2B9F6D93000444CF /* ObserverTests */ = {
			isa = PBXNativeTarget;
			buildConfigurationList = D2EB6D322B9F6D93000444CF /* Build configuration list for PBXNativeTarget "ObserverTests" */;
			buildPhases = (
				D2EB6D172B9F6D93000444CF /* Sources */,
				D2EB6D182B9F6D93000444CF /* Frameworks */,
				D2EB6D192B9F6D93000444CF /* Resources */,
			);
			buildRules = (
			);
			dependencies = (
				D2EB6D1D2B9F6D93000444CF /* PBXTargetDependency */,
			);
			name = ObserverTests;
			productName = ObserverTests;
			productReference = D2EB6D1B2B9F6D93000444CF /* ObserverTests.xctest */;
			productType = "com.apple.product-type.bundle.unit-test";
		};
		D2EB6D242B9F6D93000444CF /* ObserverUITests */ = {
			isa = PBXNativeTarget;
			buildConfigurationList = D2EB6D352B9F6D93000444CF /* Build configuration list for PBXNativeTarget "ObserverUITests" */;
			buildPhases = (
				D2EB6D212B9F6D93000444CF /* Sources */,
				D2EB6D222B9F6D93000444CF /* Frameworks */,
				D2EB6D232B9F6D93000444CF /* Resources */,
			);
			buildRules = (
			);
			dependencies = (
				D2EB6D272B9F6D93000444CF /* PBXTargetDependency */,
			);
			name = ObserverUITests;
			productName = ObserverUITests;
			productReference = D2EB6D252B9F6D93000444CF /* ObserverUITests.xctest */;
			productType = "com.apple.product-type.bundle.ui-testing";
		};
/* End PBXNativeTarget section */

/* Begin PBXProject section */
		D2EB6CFD2B9F6D8A000444CF /* Project object */ = {
			isa = PBXProject;
			attributes = {
				BuildIndependentTargetsInParallel = 1;
				LastSwiftUpdateCheck = 1420;
				LastUpgradeCheck = 1420;
				TargetAttributes = {
					D2EB6D042B9F6D8B000444CF = {
						CreatedOnToolsVersion = 14.2;
					};
					D2EB6D1A2B9F6D93000444CF = {
						CreatedOnToolsVersion = 14.2;
						TestTargetID = D2EB6D042B9F6D8B000444CF;
					};
					D2EB6D242B9F6D93000444CF = {
						CreatedOnToolsVersion = 14.2;
						TestTargetID = D2EB6D042B9F6D8B000444CF;
					};
				};
			};
			buildConfigurationList = D2EB6D002B9F6D8A000444CF /* Build configuration list for PBXProject "Observer" */;
			compatibilityVersion = "Xcode 14.0";
			developmentRegion = en;
			hasScannedForEncodings = 0;
			knownRegions = (
				en,
				Base,
			);
			mainGroup = D2EB6CFC2B9F6D8A000444CF;
			productRefGroup = D2EB6D062B9F6D8B000444CF /* Products */;
			projectDirPath = "";
			projectRoot = "";
			targets = (
				D2EB6D042B9F6D8B000444CF /* Observer */,
				D2EB6D1A2B9F6D93000444CF /* ObserverTests */,
				D2EB6D242B9F6D93000444CF /* ObserverUITests */,
			);
		};
/* End PBXProject section */

/* Begin PBXResourcesBuildPhase section */
		D2EB6D032B9F6D8B000444CF /* Resources */ = {
			isa = PBXResourcesBuildPhase;
			buildActionMask = 2147483647;
			files = (
				D2EB6D152B9F6D93000444CF /* LaunchScreen.storyboard in Resources */,
				D2EB6D122B9F6D93000444CF /* Assets.xcassets in Resources */,
				D2EB6D102B9F6D8B000444CF /* Main.storyboard in Resources */,
			);
			runOnlyForDeploymentPostprocessing = 0;
		};
		D2EB6D192B9F6D93000444CF /* Resources */ = {
			isa = PBXResourcesBuildPhase;
			buildActionMask = 2147483647;
			files = (
			);
			runOnlyForDeploymentPostprocessing = 0;
		};
		D2EB6D232B9F6D93000444CF /* Resources */ = {
			isa = PBXResourcesBuildPhase;
			buildActionMask = 2147483647;
			files = (
			);
			runOnlyForDeploymentPostprocessing = 0;
		};
/* End PBXResourcesBuildPhase section */

/* Begin PBXSourcesBuildPhase section */
		D2EB6D012B9F6D8B000444CF /* Sources */ = {
			isa = PBXSourcesBuildPhase;
			buildActionMask = 2147483647;
			files = (
				D2EB6D0D2B9F6D8B000444CF /* ViewController.swift in Sources */,
				D2EB6D092B9F6D8B000444CF /* AppDelegate.swift in Sources */,
				D2EB6D0B2B9F6D8B000444CF /* SceneDelegate.swift in Sources */,
			);
			runOnlyForDeploymentPostprocessing = 0;
		};
		D2EB6D172B9F6D93000444CF /* Sources */ = {
			isa = PBXSourcesBuildPhase;
			buildActionMask = 2147483647;
			files = (
				D2EB6D202B9F6D93000444CF /* ObserverTests.swift in Sources */,
			);
			runOnlyForDeploymentPostprocessing = 0;
		};
		D2EB6D212B9F6D93000444CF /* Sources */ = {
			isa = PBXSourcesBuildPhase;
			buildActionMask = 2147483647;
			files = (
				D2EB6D2C2B9F6D93000444CF /* ObserverUITestsLaunchTests.swift in Sources */,
				D2EB6D2A2B9F6D93000444CF /* ObserverUITests.swift in Sources */,
			);
			runOnlyForDeploymentPostprocessing = 0;
		};
/* End PBXSourcesBuildPhase section */

/* Begin PBXTargetDependency section */
		D2EB6D1D2B9F6D93000444CF /* PBXTargetDependency */ = {
			isa = PBXTargetDependency;
			target = D2EB6D042B9F6D8B000444CF /* Observer */;
			targetProxy = D2EB6D1C2B9F6D93000444CF /* PBXContainerItemProxy */;
		};
		D2EB6D272B9F6D93000444CF /* PBXTargetDependency */ = {
			isa = PBXTargetDependency;
			target = D2EB6D042B9F6D8B000444CF /* Observer */;
			targetProxy = D2EB6D262B9F6D93000444CF /* PBXContainerItemProxy */;
		};
/* End PBXTargetDependency section */

/* Begin PBXVariantGroup section */
		D2EB6D0E2B9F6D8B000444CF /* Main.storyboard */ = {
			isa = PBXVariantGroup;
			children = (
				D2EB6D0F2B9F6D8B000444CF /* Base */,
			);
			name = Main.storyboard;
			sourceTree = "<group>";
		};
		D2EB6D132B9F6D93000444CF /* LaunchScreen.storyboard */ = {
			isa = PBXVariantGroup;
			children = (
				D2EB6D142B9F6D93000444CF /* Base */,
			);
			name = LaunchScreen.storyboard;
			sourceTree = "<group>";
		};
/* End PBXVariantGroup section */

/* Begin XCBuildConfiguration section */
		D2EB6D2D2B9F6D93000444CF /* Debug */ = {
			isa = XCBuildConfiguration;
			buildSettings = {
				ALWAYS_SEARCH_USER_PATHS = NO;
				CLANG_ANALYZER_NONNULL = YES;
				CLANG_ANALYZER_NUMBER_OBJECT_CONVERSION = YES_AGGRESSIVE;
				CLANG_CXX_LANGUAGE_STANDARD = "gnu++20";
				CLANG_ENABLE_MODULES = YES;
				CLANG_ENABLE_OBJC_ARC = YES;
				CLANG_ENABLE_OBJC_WEAK = YES;
				CLANG_WARN_BLOCK_CAPTURE_AUTORELEASING = YES;
				CLANG_WARN_BOOL_CONVERSION = YES;
				CLANG_WARN_COMMA = YES;
				CLANG_WARN_CONSTANT_CONVERSION = YES;
				CLANG_WARN_DEPRECATED_OBJC_IMPLEMENTATIONS = YES;
				CLANG_WARN_DIRECT_OBJC_ISA_USAGE = YES_ERROR;
				CLANG_WARN_DOCUMENTATION_COMMENTS = YES;
				CLANG_WARN_EMPTY_BODY = YES;
				CLANG_WARN_ENUM_CONVERSION = YES;
				CLANG_WARN_INFINITE_RECURSION = YES;
				CLANG_WARN_INT_CONVERSION = YES;
				CLANG_WARN_NON_LITERAL_NULL_CONVERSION = YES;
				CLANG_WARN_OBJC_IMPLICIT_RETAIN_SELF = YES;
				CLANG_WARN_OBJC_LITERAL_CONVERSION = YES;
				CLANG_WARN_OBJC_ROOT_CLASS = YES_ERROR;
				CLANG_WARN_QUOTED_INCLUDE_IN_FRAMEWORK_HEADER = YES;
				CLANG_WARN_RANGE_LOOP_ANALYSIS = YES;
				CLANG_WARN_STRICT_PROTOTYPES = YES;
				CLANG_WARN_SUSPICIOUS_MOVE = YES;
				CLANG_WARN_UNGUARDED_AVAILABILITY = YES_AGGRESSIVE;
				CLANG_WARN_UNREACHABLE_CODE = YES;
				CLANG_WARN__DUPLICATE_METHOD_MATCH = YES;
				COPY_PHASE_STRIP = NO;
				DEBUG_INFORMATION_FORMAT = dwarf;
				ENABLE_STRICT_OBJC_MSGSEND = YES;
				ENABLE_TESTABILITY = YES;
				GCC_C_LANGUAGE_STANDARD = gnu11;
				GCC_DYNAMIC_NO_PIC = NO;
				GCC_NO_COMMON_BLOCKS = YES;
				GCC_OPTIMIZATION_LEVEL = 0;
				GCC_PREPROCESSOR_DEFINITIONS = (
					"DEBUG=1",
					"$(inherited)",
				);
				GCC_WARN_64_TO_32_BIT_CONVERSION = YES;
				GCC_WARN_ABOUT_RETURN_TYPE = YES_ERROR;
				GCC_WARN_UNDECLARED_SELECTOR = YES;
				GCC_WARN_UNINITIALIZED_AUTOS = YES_AGGRESSIVE;
				GCC_WARN_UNUSED_FUNCTION = YES;
				GCC_WARN_UNUSED_VARIABLE = YES;
				IPHONEOS_DEPLOYMENT_TARGET = 16.2;
				MTL_ENABLE_DEBUG_INFO = INCLUDE_SOURCE;
				MTL_FAST_MATH = YES;
				ONLY_ACTIVE_ARCH = YES;
				SDKROOT = iphoneos;
				SWIFT_ACTIVE_COMPILATION_CONDITIONS = DEBUG;
				SWIFT_OPTIMIZATION_LEVEL = "-Onone";
			};
			name = Debug;
		};
		D2EB6D2E2B9F6D93000444CF /* Release */ = {
			isa = XCBuildConfiguration;
			buildSettings = {
				ALWAYS_SEARCH_USER_PATHS = NO;
				CLANG_ANALYZER_NONNULL = YES;
				CLANG_ANALYZER_NUMBER_OBJECT_CONVERSION = YES_AGGRESSIVE;
				CLANG_CXX_LANGUAGE_STANDARD = "gnu++20";
				CLANG_ENABLE_MODULES = YES;
				CLANG_ENABLE_OBJC_ARC = YES;
				CLANG_ENABLE_OBJC_WEAK = YES;
				CLANG_WARN_BLOCK_CAPTURE_AUTORELEASING = YES;
				CLANG_WARN_BOOL_CONVERSION = YES;
				CLANG_WARN_COMMA = YES;
				CLANG_WARN_CONSTANT_CONVERSION = YES;
				CLANG_WARN_DEPRECATED_OBJC_IMPLEMENTATIONS = YES;
				CLANG_WARN_DIRECT_OBJC_ISA_USAGE = YES_ERROR;
				CLANG_WARN_DOCUMENTATION_COMMENTS = YES;
				CLANG_WARN_EMPTY_BODY = YES;
				CLANG_WARN_ENUM_CONVERSION = YES;
				CLANG_WARN_INFINITE_RECURSION = YES;
				CLANG_WARN_INT_CONVERSION = YES;
				CLANG_WARN_NON_LITERAL_NULL_CONVERSION = YES;
				CLANG_WARN_OBJC_IMPLICIT_RETAIN_SELF = YES;
				CLANG_WARN_OBJC_LITERAL_CONVERSION = YES;
				CLANG_WARN_OBJC_ROOT_CLASS = YES_ERROR;
				CLANG_WARN_QUOTED_INCLUDE_IN_FRAMEWORK_HEADER = YES;
				CLANG_WARN_RANGE_LOOP_ANALYSIS = YES;
				CLANG_WARN_STRICT_PROTOTYPES = YES;
				CLANG_WARN_SUSPICIOUS_MOVE = YES;
				CLANG_WARN_UNGUARDED_AVAILABILITY = YES_AGGRESSIVE;
				CLANG_WARN_UNREACHABLE_CODE = YES;
				CLANG_WARN__DUPLICATE_METHOD_MATCH = YES;
				COPY_PHASE_STRIP = NO;
				DEBUG_INFORMATION_FORMAT = "dwarf-with-dsym";
				ENABLE_NS_ASSERTIONS = NO;
				ENABLE_STRICT_OBJC_MSGSEND = YES;
				GCC_C_LANGUAGE_STANDARD = gnu11;
				GCC_NO_COMMON_BLOCKS = YES;
				GCC_WARN_64_TO_32_BIT_CONVERSION = YES;
				GCC_WARN_ABOUT_RETURN_TYPE = YES_ERROR;
				GCC_WARN_UNDECLARED_SELECTOR = YES;
				GCC_WARN_UNINITIALIZED_AUTOS = YES_AGGRESSIVE;
				GCC_WARN_UNUSED_FUNCTION = YES;
				GCC_WARN_UNUSED_VARIABLE = YES;
				IPHONEOS_DEPLOYMENT_TARGET = 16.2;
				MTL_ENABLE_DEBUG_INFO = NO;
				MTL_FAST_MATH = YES;
				SDKROOT = iphoneos;
				SWIFT_COMPILATION_MODE = wholemodule;
				SWIFT_OPTIMIZATION_LEVEL = "-O";
				VALIDATE_PRODUCT = YES;
			};
			name = Release;
		};
		D2EB6D302B9F6D93000444CF /* Debug */ = {
			isa = XCBuildConfiguration;
			buildSettings = {
				ASSETCATALOG_COMPILER_APPICON_NAME = AppIcon;
				ASSETCATALOG_COMPILER_GLOBAL_ACCENT_COLOR_NAME = AccentColor;
				CODE_SIGN_STYLE = Automatic;
				CURRENT_PROJECT_VERSION = 1;
				DEVELOPMENT_TEAM = 6G8JULRZR4;
				GENERATE_INFOPLIST_FILE = YES;
				INFOPLIST_FILE = Observer/Info.plist;
				INFOPLIST_KEY_UIApplicationSupportsIndirectInputEvents = YES;
				INFOPLIST_KEY_UILaunchStoryboardName = LaunchScreen;
				INFOPLIST_KEY_UIMainStoryboardFile = Main;
				INFOPLIST_KEY_UISupportedInterfaceOrientations_iPad = "UIInterfaceOrientationPortrait UIInterfaceOrientationPortraitUpsideDown UIInterfaceOrientationLandscapeLeft UIInterfaceOrientationLandscapeRight";
				INFOPLIST_KEY_UISupportedInterfaceOrientations_iPhone = "UIInterfaceOrientationPortrait UIInterfaceOrientationLandscapeLeft UIInterfaceOrientationLandscapeRight";
				LD_RUNPATH_SEARCH_PATHS = (
					"$(inherited)",
					"@executable_path/Frameworks",
				);
				MARKETING_VERSION = 1.0;
				PRODUCT_BUNDLE_IDENTIFIER = br.com.aletlima.Observer;
				PRODUCT_NAME = "$(TARGET_NAME)";
				SWIFT_EMIT_LOC_STRINGS = YES;
				SWIFT_VERSION = 5.0;
				TARGETED_DEVICE_FAMILY = "1,2";
			};
			name = Debug;
		};
		D2EB6D312B9F6D93000444CF /* Release */ = {
			isa = XCBuildConfiguration;
			buildSettings = {
				ASSETCATALOG_COMPILER_APPICON_NAME = AppIcon;
				ASSETCATALOG_COMPILER_GLOBAL_ACCENT_COLOR_NAME = AccentColor;
				CODE_SIGN_STYLE = Automatic;
				CURRENT_PROJECT_VERSION = 1;
				DEVELOPMENT_TEAM = 6G8JULRZR4;
				GENERATE_INFOPLIST_FILE = YES;
				INFOPLIST_FILE = Observer/Info.plist;
				INFOPLIST_KEY_UIApplicationSupportsIndirectInputEvents = YES;
				INFOPLIST_KEY_UILaunchStoryboardName = LaunchScreen;
				INFOPLIST_KEY_UIMainStoryboardFile = Main;
				INFOPLIST_KEY_UISupportedInterfaceOrientations_iPad = "UIInterfaceOrientationPortrait UIInterfaceOrientationPortraitUpsideDown UIInterfaceOrientationLandscapeLeft UIInterfaceOrientationLandscapeRight";
				INFOPLIST_KEY_UISupportedInterfaceOrientations_iPhone = "UIInterfaceOrientationPortrait UIInterfaceOrientationLandscapeLeft UIInterfaceOrientationLandscapeRight";
				LD_RUNPATH_SEARCH_PATHS = (
					"$(inherited)",
					"@executable_path/Frameworks",
				);
				MARKETING_VERSION = 1.0;
				PRODUCT_BUNDLE_IDENTIFIER = br.com.aletlima.Observer;
				PRODUCT_NAME = "$(TARGET_NAME)";
				SWIFT_EMIT_LOC_STRINGS = YES;
				SWIFT_VERSION = 5.0;
				TARGETED_DEVICE_FAMILY = "1,2";
			};
			name = Release;
		};
		D2EB6D332B9F6D93000444CF /* Debug */ = {
			isa = XCBuildConfiguration;
			buildSettings = {
				ALWAYS_EMBED_SWIFT_STANDARD_LIBRARIES = YES;
				BUNDLE_LOADER = "$(TEST_HOST)";
				CODE_SIGN_STYLE = Automatic;
				CURRENT_PROJECT_VERSION = 1;
				DEVELOPMENT_TEAM = 6G8JULRZR4;
				GENERATE_INFOPLIST_FILE = YES;
				IPHONEOS_DEPLOYMENT_TARGET = 16.2;
				MARKETING_VERSION = 1.0;
				PRODUCT_BUNDLE_IDENTIFIER = br.com.aletlima.ObserverTests;
				PRODUCT_NAME = "$(TARGET_NAME)";
				SWIFT_EMIT_LOC_STRINGS = NO;
				SWIFT_VERSION = 5.0;
				TARGETED_DEVICE_FAMILY = "1,2";
				TEST_HOST = "$(BUILT_PRODUCTS_DIR)/Observer.app/$(BUNDLE_EXECUTABLE_FOLDER_PATH)/Observer";
			};
			name = Debug;
		};
		D2EB6D342B9F6D93000444CF /* Release */ = {
			isa = XCBuildConfiguration;
			buildSettings = {
				ALWAYS_EMBED_SWIFT_STANDARD_LIBRARIES = YES;
				BUNDLE_LOADER = "$(TEST_HOST)";
				CODE_SIGN_STYLE = Automatic;
				CURRENT_PROJECT_VERSION = 1;
				DEVELOPMENT_TEAM = 6G8JULRZR4;
				GENERATE_INFOPLIST_FILE = YES;
				IPHONEOS_DEPLOYMENT_TARGET = 16.2;
				MARKETING_VERSION = 1.0;
				PRODUCT_BUNDLE_IDENTIFIER = br.com.aletlima.ObserverTests;
				PRODUCT_NAME = "$(TARGET_NAME)";
				SWIFT_EMIT_LOC_STRINGS = NO;
				SWIFT_VERSION = 5.0;
				TARGETED_DEVICE_FAMILY = "1,2";
				TEST_HOST = "$(BUILT_PRODUCTS_DIR)/Observer.app/$(BUNDLE_EXECUTABLE_FOLDER_PATH)/Observer";
			};
			name = Release;
		};
		D2EB6D362B9F6D93000444CF /* Debug */ = {
			isa = XCBuildConfiguration;
			buildSettings = {
				ALWAYS_EMBED_SWIFT_STANDARD_LIBRARIES = YES;
				CODE_SIGN_STYLE = Automatic;
				CURRENT_PROJECT_VERSION = 1;
				DEVELOPMENT_TEAM = 6G8JULRZR4;
				GENERATE_INFOPLIST_FILE = YES;
				MARKETING_VERSION = 1.0;
				PRODUCT_BUNDLE_IDENTIFIER = br.com.aletlima.ObserverUITests;
				PRODUCT_NAME = "$(TARGET_NAME)";
				SWIFT_EMIT_LOC_STRINGS = NO;
				SWIFT_VERSION = 5.0;
				TARGETED_DEVICE_FAMILY = "1,2";
				TEST_TARGET_NAME = Observer;
			};
			name = Debug;
		};
		D2EB6D372B9F6D93000444CF /* Release */ = {
			isa = XCBuildConfiguration;
			buildSettings = {
				ALWAYS_EMBED_SWIFT_STANDARD_LIBRARIES = YES;
				CODE_SIGN_STYLE = Automatic;
				CURRENT_PROJECT_VERSION = 1;
				DEVELOPMENT_TEAM = 6G8JULRZR4;
				GENERATE_INFOPLIST_FILE = YES;
				MARKETING_VERSION = 1.0;
				PRODUCT_BUNDLE_IDENTIFIER = br.com.aletlima.ObserverUITests;
				PRODUCT_NAME = "$(TARGET_NAME)";
				SWIFT_EMIT_LOC_STRINGS = NO;
				SWIFT_VERSION = 5.0;
				TARGETED_DEVICE_FAMILY = "1,2";
				TEST_TARGET_NAME = Observer;
			};
			name = Release;
		};
/* End XCBuildConfiguration section */

/* Begin XCConfigurationList section */
		D2EB6D002B9F6D8A000444CF /* Build configuration list for PBXProject "Observer" */ = {
			isa = XCConfigurationList;
			buildConfigurations = (
				D2EB6D2D2B9F6D93000444CF /* Debug */,
				D2EB6D2E2B9F6D93000444CF /* Release */,
			);
			defaultConfigurationIsVisible = 0;
			defaultConfigurationName = Release;
		};
		D2EB6D2F2B9F6D93000444CF /* Build configuration list for PBXNativeTarget "Observer" */ = {
			isa = XCConfigurationList;
			buildConfigurations = (
				D2EB6D302B9F6D93000444CF /* Debug */,
				D2EB6D312B9F6D93000444CF /* Release */,
			);
			defaultConfigurationIsVisible = 0;
			defaultConfigurationName = Release;
		};
		D2EB6D322B9F6D93000444CF /* Build configuration list for PBXNativeTarget "ObserverTests" */ = {
			isa = XCConfigurationList;
			buildConfigurations = (
				D2EB6D332B9F6D93000444CF /* Debug */,
				D2EB6D342B9F6D93000444CF /* Release */,
			);
			defaultConfigurationIsVisible = 0;
			defaultConfigurationName = Release;
		};
		D2EB6D352B9F6D93000444CF /* Build configuration list for PBXNativeTarget "ObserverUITests" */ = {
			isa = XCConfigurationList;
			buildConfigurations = (
				D2EB6D362B9F6D93000444CF /* Debug */,
				D2EB6D372B9F6D93000444CF /* Release */,
			);
			defaultConfigurationIsVisible = 0;
			defaultConfigurationName = Release;
		};
/* End XCConfigurationList section */
	};
	rootObject = D2EB6CFD2B9F6D8A000444CF /* Project object */;
}
